
Microsoft Visual Studio Solution File, Format Version 12.00
# Visual Studio Version 17
VisualStudioVersion = 17.9.34728.123
MinimumVisualStudioVersion = 10.0.40219.1
Project("{9A19103F-16F7-4668-BE54-9A1E7A4F7556}") = "CryptocurrenciesCollector", "CryptocurrenciesCollector\CryptocurrenciesCollector.csproj", "{605BEAAB-0B72-49CA-B20D-D61D0236DB8F}"
EndProject
Project("{9A19103F-16F7-4668-BE54-9A1E7A4F7556}") = "CryptocurrenciesCollector.Models", "CryptocurrenciesCollector.Models\CryptocurrenciesCollector.Models.csproj", "{CDF66344-E97B-44FC-AA1C-FEA0493F7C40}"
EndProject
Project("{9A19103F-16F7-4668-BE54-9A1E7A4F7556}") = "CryptocurrenciesCollector.Services", "CryptocurrenciesCollector.Services\CryptocurrenciesCollector.Services.csproj", "{A85EACC0-2D0D-4590-892A-255AFEA7C977}"
EndProject
Project("{9A19103F-16F7-4668-BE54-9A1E7A4F7556}") = "CryptocurrenciesCollector.ViewModels", "CryptocurrenciesCollector.ViewModels\CryptocurrenciesCollector.ViewModels.csproj", "{1FE41AED-266E-4B54-A852-07E5EA204BB4}"
EndProject
Project("{9A19103F-16F7-4668-BE54-9A1E7A4F7556}") = "CryptocurrenciesCollector.Helpers", "CryptocurrenciesCollector.Helpers\CryptocurrenciesCollector.Helpers.csproj", "{5C443B3B-0434-4274-A794-70EEBBD8EE7B}"
EndProject
Project("{FAE04EC0-301F-11D3-BF4B-00C04F79EFBC}") = "CryptocurrenciesCollector.Resources", "CryptocurrenciesCollector.Resources\CryptocurrenciesCollector.Resources.csproj", "{76F1429D-25C9-48AE-BC22-8293717059EE}"
EndProject
Global
	GlobalSection(SolutionConfigurationPlatforms) = preSolution
		Debug|Any CPU = Debug|Any CPU
		Release|Any CPU = Release|Any CPU
	EndGlobalSection
	GlobalSection(ProjectConfigurationPlatforms) = postSolution
		{605BEAAB-0B72-49CA-B20D-D61D0236DB8F}.Debug|Any CPU.ActiveCfg = Debug|Any CPU
		{605BEAAB-0B72-49CA-B20D-D61D0236DB8F}.Debug|Any CPU.Build.0 = Debug|Any CPU
		{605BEAAB-0B72-49CA-B20D-D61D0236DB8F}.Release|Any CPU.ActiveCfg = Release|Any CPU
		{605BEAAB-0B72-49CA-B20D-D61D0236DB8F}.Release|Any CPU.Build.0 = Release|Any CPU
		{CDF66344-E97B-44FC-AA1C-FEA0493F7C40}.Debug|Any CPU.ActiveCfg = Debug|Any CPU
		{CDF66344-E97B-44FC-AA1C-FEA0493F7C40}.Debug|Any CPU.Build.0 = Debug|Any CPU
		{CDF66344-E97B-44FC-AA1C-FEA0493F7C40}.Release|Any CPU.ActiveCfg = Release|Any CPU
		{CDF66344-E97B-44FC-AA1C-FEA0493F7C40}.Release|Any CPU.Build.0 = Release|Any CPU
		{A85EACC0-2D0D-4590-892A-255AFEA7C977}.Debug|Any CPU.ActiveCfg = Debug|Any CPU
		{A85EACC0-2D0D-4590-892A-255AFEA7C977}.Debug|Any CPU.Build.0 = Debug|Any CPU
		{A85EACC0-2D0D-4590-892A-255AFEA7C977}.Release|Any CPU.ActiveCfg = Release|Any CPU
		{A85EACC0-2D0D-4590-892A-255AFEA7C977}.Release|Any CPU.Build.0 = Release|Any CPU
		{1FE41AED-266E-4B54-A852-07E5EA204BB4}.Debug|Any CPU.ActiveCfg = Debug|Any CPU
		{1FE41AED-266E-4B54-A852-07E5EA204BB4}.Debug|Any CPU.Build.0 = Debug|Any CPU
		{1FE41AED-266E-4B54-A852-07E5EA204BB4}.Release|Any CPU.ActiveCfg = Release|Any CPU
		{1FE41AED-266E-4B54-A852-07E5EA204BB4}.Release|Any CPU.Build.0 = Release|Any CPU
		{5C443B3B-0434-4274-A794-70EEBBD8EE7B}.Debug|Any CPU.ActiveCfg = Debug|Any CPU
		{5C443B3B-0434-4274-A794-70EEBBD8EE7B}.Debug|Any CPU.Build.0 = Debug|Any CPU
		{5C443B3B-0434-4274-A794-70EEBBD8EE7B}.Release|Any CPU.ActiveCfg = Release|Any CPU
		{5C443B3B-0434-4274-A794-70EEBBD8EE7B}.Release|Any CPU.Build.0 = Release|Any CPU
		{76F1429D-25C9-48AE-BC22-8293717059EE}.Debug|Any CPU.ActiveCfg = Debug|Any CPU
		{76F1429D-25C9-48AE-BC22-8293717059EE}.Debug|Any CPU.Build.0 = Debug|Any CPU
		{76F1429D-25C9-48AE-BC22-8293717059EE}.Release|Any CPU.ActiveCfg = Release|Any CPU
		{76F1429D-25C9-48AE-BC22-8293717059EE}.Release|Any CPU.Build.0 = Release|Any CPU
	EndGlobalSection
	GlobalSection(SolutionProperties) = preSolution
		HideSolutionNode = FALSE
	EndGlobalSection
	GlobalSection(ExtensibilityGlobals) = postSolution
		SolutionGuid = {8A8C8E3C-25A1-406A-9C72-BE013BB70FDE}
	EndGlobalSection
EndGlobal
